
Microsoft Visual Studio Solution File, Format Version 12.00
# Visual Studio Version 17
VisualStudioVersion = 17.7.34018.315
MinimumVisualStudioVersion = 10.0.40219.1
Project("{FAE04EC0-301F-11D3-BF4B-00C04F79EFBC}") = "eightball", "eightball\eightball.csproj", "{2FA32FBA-0460-405B-B18A-8404152A7510}"
EndProject
Global
	GlobalSection(SolutionConfigurationPlatforms) = preSolution
		Debug|Any CPU = Debug|Any CPU
		Release|Any CPU = Release|Any CPU
	EndGlobalSection
	GlobalSection(ProjectConfigurationPlatforms) = postSolution
		{2FA32FBA-0460-405B-B18A-8404152A7510}.Debug|Any CPU.ActiveCfg = Debug|Any CPU
		{2FA32FBA-0460-405B-B18A-8404152A7510}.Debug|Any CPU.Build.0 = Debug|Any CPU
		{2FA32FBA-0460-405B-B18A-8404152A7510}.Release|Any CPU.ActiveCfg = Release|Any CPU
		{2FA32FBA-0460-405B-B18A-8404152A7510}.Release|Any CPU.Build.0 = Release|Any CPU
	EndGlobalSection
	GlobalSection(SolutionProperties) = preSolution
		HideSolutionNode = FALSE
	EndGlobalSection
	GlobalSection(ExtensibilityGlobals) = postSolution
		SolutionGuid = {21B9A6BF-6949-406D-BE4B-3987AA945897}
	EndGlobalSection
EndGlobal
